{
  "version": 4,
  "terraform_version": "1.16.2",
  "serial": 1,
  "lineage": "57057cd6-b06a-6636-f760-489861556d72",
  "outputs": {},
  "resources": [
    {
      "mode": "managed",
      "type": "aws_vpc",
      "name": "name",
      "provider": "provider[\"registry.terraform.io/hashicorp/aws\"]",
      "instances": [
        {
          "schema_version": 1,
          "attributes": {
            "arn": "arn:aws:ec2:us-east-1:314445553481:vpc/vpc-063f0a9706bd15697",
            "assign_generated_ipv6_cidr_block": false,
            "cidr_block": "10.0.0.0/24",
            "default_network_acl_id": "acl-0a7a5e97b3d3567c2",
            "default_route_table_id": "rtb-037589082f976bede",
            "default_security_group_id": "sg-069d50a44e447e948",
            "dhcp_options_id": "dopt-03de8cb5b0881efd2",
            "enable_dns_hostnames": false,
            "enable_dns_support": true,
            "enable_network_address_usage_metrics": false,
            "id": "vpc-063f0a9706bd15697",
            "instance_tenancy": "default",
            "ipv4_ipam_pool_id": null,
            "ipv4_netmask_length": null,
            "ipv6_association_id": "",
            "ipv6_cidr_block": "",
            "ipv6_cidr_block_network_border_group": "",
            "ipv6_ipam_pool_id": "",
            "ipv6_netmask_length": 0,
            "main_route_table_id": "rtb-037589082f976bede",
            "owner_id": "314445553481",
            "region": "us-east-1",
            "tags": {
              "name": "my-vpc"
            },
            "tags_all": {
              "name": "my-vpc"
            }
          },
          "sensitive_attributes": [],
          "identity_schema_version": 0,
          "identity": {
            "account_id": "314445553481",
            "id": "vpc-063f0a9706bd15697",
            "region": "us-east-1"
          },
          "private": "eyJzY2hlbWFfdmVyc2lvbiI6IjEifQ=="
        }
      ]
    }
  ],
  "check_results": null
}
